// !$*UTF8*$!
{
	archiveVersion = 1;
	classes = {
	};
	objectVersion = 56;
	objects = {

/* Begin PBXBuildFile section */
		C998E91D28CD70B4008253A7 /* ScrumdingerApp.swift in Sources */ = {isa = PBXBuildFile; fileRef = C998E91C28CD70B4008253A7 /* ScrumdingerApp.swift */; };
		C998E91F28CD70B4008253A7 /* MeetingView.swift in Sources */ = {isa = PBXBuildFile; fileRef = C998E91E28CD70B4008253A7 /* MeetingView.swift */; };
		C998E92128CD70B6008253A7 /* Assets.xcassets in Resources */ = {isa = PBXBuildFile; fileRef = C998E92028CD70B6008253A7 /* Assets.xcassets */; };
		C998E92428CD70B6008253A7 /* Preview Assets.xcassets in Resources */ = {isa = PBXBuildFile; fileRef = C998E92328CD70B6008253A7 /* Preview Assets.xcassets */; };
		C998E92E28CD70B6008253A7 /* ScrumdingerTests.swift in Sources */ = {isa = PBXBuildFile; fileRef = C998E92D28CD70B6008253A7 /* ScrumdingerTests.swift */; };
		C998E93828CD70B6008253A7 /* ScrumdingerUITests.swift in Sources */ = {isa = PBXBuildFile; fileRef = C998E93728CD70B6008253A7 /* ScrumdingerUITests.swift */; };
		C998E93A28CD70B6008253A7 /* ScrumdingerUITestsLaunchTests.swift in Sources */ = {isa = PBXBuildFile; fileRef = C998E93928CD70B6008253A7 /* ScrumdingerUITestsLaunchTests.swift */; };
		C998E94828CD7A67008253A7 /* Theme.swift in Sources */ = {isa = PBXBuildFile; fileRef = C998E94728CD7A67008253A7 /* Theme.swift */; };
		C998E94A28CD7B62008253A7 /* DailyScrum.swift in Sources */ = {isa = PBXBuildFile; fileRef = C998E94928CD7B62008253A7 /* DailyScrum.swift */; };
		C998E94C28CD7D1A008253A7 /* CardView.swift in Sources */ = {isa = PBXBuildFile; fileRef = C998E94B28CD7D1A008253A7 /* CardView.swift */; };
		C998E94E28CD7EFF008253A7 /* TrailingIconLabelStyle.swift in Sources */ = {isa = PBXBuildFile; fileRef = C998E94D28CD7EFF008253A7 /* TrailingIconLabelStyle.swift */; };
		C998E95028CD8378008253A7 /* ScrumsView.swift in Sources */ = {isa = PBXBuildFile; fileRef = C998E94F28CD8378008253A7 /* ScrumsView.swift */; };
/* End PBXBuildFile section */

/* Begin PBXContainerItemProxy section */
		C998E92A28CD70B6008253A7 /* PBXContainerItemProxy */ = {
			isa = PBXContainerItemProxy;
			containerPortal = C998E91128CD70B4008253A7 /* Project object */;
			proxyType = 1;
			remoteGlobalIDString = C998E91828CD70B4008253A7;
			remoteInfo = Scrumdinger;
		};
		C998E93428CD70B6008253A7 /* PBXContainerItemProxy */ = {
			isa = PBXContainerItemProxy;
			containerPortal = C998E91128CD70B4008253A7 /* Project object */;
			proxyType = 1;
			remoteGlobalIDString = C998E91828CD70B4008253A7;
			remoteInfo = Scrumdinger;
		};
/* End PBXContainerItemProxy section */

/* Begin PBXFileReference section */
		C998E91928CD70B4008253A7 /* Scrumdinger.app */ = {isa = PBXFileReference; explicitFileType = wrapper.application; includeInIndex = 0; path = Scrumdinger.app; sourceTree = BUILT_PRODUCTS_DIR; };
		C998E91C28CD70B4008253A7 /* ScrumdingerApp.swift */ = {isa = PBXFileReference; lastKnownFileType = sourcecode.swift; path = ScrumdingerApp.swift; sourceTree = "<group>"; };
		C998E91E28CD70B4008253A7 /* MeetingView.swift */ = {isa = PBXFileReference; lastKnownFileType = sourcecode.swift; path = MeetingView.swift; sourceTree = "<group>"; };
		C998E92028CD70B6008253A7 /* Assets.xcassets */ = {isa = PBXFileReference; lastKnownFileType = folder.assetcatalog; path = Assets.xcassets; sourceTree = "<group>"; };
		C998E92328CD70B6008253A7 /* Preview Assets.xcassets */ = {isa = PBXFileReference; lastKnownFileType = folder.assetcatalog; path = "Preview Assets.xcassets"; sourceTree = "<group>"; };
		C998E92928CD70B6008253A7 /* ScrumdingerTests.xctest */ = {isa = PBXFileReference; explicitFileType = wrapper.cfbundle; includeInIndex = 0; path = ScrumdingerTests.xctest; sourceTree = BUILT_PRODUCTS_DIR; };
		C998E92D28CD70B6008253A7 /* ScrumdingerTests.swift */ = {isa = PBXFileReference; lastKnownFileType = sourcecode.swift; path = ScrumdingerTests.swift; sourceTree = "<group>"; };
		C998E93328CD70B6008253A7 /* ScrumdingerUITests.xctest */ = {isa = PBXFileReference; explicitFileType = wrapper.cfbundle; includeInIndex = 0; path = ScrumdingerUITests.xctest; sourceTree = BUILT_PRODUCTS_DIR; };
		C998E93728CD70B6008253A7 /* ScrumdingerUITests.swift */ = {isa = PBXFileReference; lastKnownFileType = sourcecode.swift; path = ScrumdingerUITests.swift; sourceTree = "<group>"; };
		C998E93928CD70B6008253A7 /* ScrumdingerUITestsLaunchTests.swift */ = {isa = PBXFileReference; lastKnownFileType = sourcecode.swift; path = ScrumdingerUITestsLaunchTests.swift; sourceTree = "<group>"; };
		C998E94728CD7A67008253A7 /* Theme.swift */ = {isa = PBXFileReference; lastKnownFileType = sourcecode.swift; path = Theme.swift; sourceTree = "<group>"; };
		C998E94928CD7B62008253A7 /* DailyScrum.swift */ = {isa = PBXFileReference; lastKnownFileType = sourcecode.swift; path = DailyScrum.swift; sourceTree = "<group>"; };
		C998E94B28CD7D1A008253A7 /* CardView.swift */ = {isa = PBXFileReference; lastKnownFileType = sourcecode.swift; path = CardView.swift; sourceTree = "<group>"; };
		C998E94D28CD7EFF008253A7 /* TrailingIconLabelStyle.swift */ = {isa = PBXFileReference; lastKnownFileType = sourcecode.swift; path = TrailingIconLabelStyle.swift; sourceTree = "<group>"; };
		C998E94F28CD8378008253A7 /* ScrumsView.swift */ = {isa = PBXFileReference; lastKnownFileType = sourcecode.swift; path = ScrumsView.swift; sourceTree = "<group>"; };
/* End PBXFileReference section */

/* Begin PBXFrameworksBuildPhase section */
		C998E91628CD70B4008253A7 /* Frameworks */ = {
			isa = PBXFrameworksBuildPhase;
			buildActionMask = 2147483647;
			files = (
			);
			runOnlyForDeploymentPostprocessing = 0;
		};
		C998E92628CD70B6008253A7 /* Frameworks */ = {
			isa = PBXFrameworksBuildPhase;
			buildActionMask = 2147483647;
			files = (
			);
			runOnlyForDeploymentPostprocessing = 0;
		};
		C998E93028CD70B6008253A7 /* Frameworks */ = {
			isa = PBXFrameworksBuildPhase;
			buildActionMask = 2147483647;
			files = (
			);
			runOnlyForDeploymentPostprocessing = 0;
		};
/* End PBXFrameworksBuildPhase section */

/* Begin PBXGroup section */
		C998E91028CD70B4008253A7 = {
			isa = PBXGroup;
			children = (
				C998E91B28CD70B4008253A7 /* Scrumdinger */,
				C998E92C28CD70B6008253A7 /* ScrumdingerTests */,
				C998E93628CD70B6008253A7 /* ScrumdingerUITests */,
				C998E91A28CD70B4008253A7 /* Products */,
			);
			sourceTree = "<group>";
		};
		C998E91A28CD70B4008253A7 /* Products */ = {
			isa = PBXGroup;
			children = (
				C998E91928CD70B4008253A7 /* Scrumdinger.app */,
				C998E92928CD70B6008253A7 /* ScrumdingerTests.xctest */,
				C998E93328CD70B6008253A7 /* ScrumdingerUITests.xctest */,
			);
			name = Products;
			sourceTree = "<group>";
		};
		C998E91B28CD70B4008253A7 /* Scrumdinger */ = {
			isa = PBXGroup;
			children = (
				C998E94628CD785C008253A7 /* Models */,
				C998E91C28CD70B4008253A7 /* ScrumdingerApp.swift */,
				C998E91E28CD70B4008253A7 /* MeetingView.swift */,
				C998E94B28CD7D1A008253A7 /* CardView.swift */,
				C998E94D28CD7EFF008253A7 /* TrailingIconLabelStyle.swift */,
				C998E94F28CD8378008253A7 /* ScrumsView.swift */,
				C998E92028CD70B6008253A7 /* Assets.xcassets */,
				C998E92228CD70B6008253A7 /* Preview Content */,
			);
			path = Scrumdinger;
			sourceTree = "<group>";
		};
		C998E92228CD70B6008253A7 /* Preview Content */ = {
			isa = PBXGroup;
			children = (
				C998E92328CD70B6008253A7 /* Preview Assets.xcassets */,
			);
			path = "Preview Content";
			sourceTree = "<group>";
		};
		C998E92C28CD70B6008253A7 /* ScrumdingerTests */ = {
			isa = PBXGroup;
			children = (
				C998E92D28CD70B6008253A7 /* ScrumdingerTests.swift */,
			);
			path = ScrumdingerTests;
			sourceTree = "<group>";
		};
		C998E93628CD70B6008253A7 /* ScrumdingerUITests */ = {
			isa = PBXGroup;
			children = (
				C998E93728CD70B6008253A7 /* ScrumdingerUITests.swift */,
				C998E93928CD70B6008253A7 /* ScrumdingerUITestsLaunchTests.swift */,
			);
			path = ScrumdingerUITests;
			sourceTree = "<group>";
		};
		C998E94628CD785C008253A7 /* Models */ = {
			isa = PBXGroup;
			children = (
				C998E94728CD7A67008253A7 /* Theme.swift */,
				C998E94928CD7B62008253A7 /* DailyScrum.swift */,
			);
			path = Models;
			sourceTree = "<group>";
		};
/* End PBXGroup section */

/* Begin PBXNativeTarget section */
		C998E91828CD70B4008253A7 /* Scrumdinger */ = {
			isa = PBXNativeTarget;
			buildConfigurationList = C998E93D28CD70B6008253A7 /* Build configuration list for PBXNativeTarget "Scrumdinger" */;
			buildPhases = (
				C998E91528CD70B4008253A7 /* Sources */,
				C998E91628CD70B4008253A7 /* Frameworks */,
				C998E91728CD70B4008253A7 /* Resources */,
			);
			buildRules = (
			);
			dependencies = (
			);
			name = Scrumdinger;
			productName = Scrumdinger;
			productReference = C998E91928CD70B4008253A7 /* Scrumdinger.app */;
			productType = "com.apple.product-type.application";
		};
		C998E92828CD70B6008253A7 /* ScrumdingerTests */ = {
			isa = PBXNativeTarget;
			buildConfigurationList = C998E94028CD70B6008253A7 /* Build configuration list for PBXNativeTarget "ScrumdingerTests" */;
			buildPhases = (
				C998E92528CD70B6008253A7 /* Sources */,
				C998E92628CD70B6008253A7 /* Frameworks */,
				C998E92728CD70B6008253A7 /* Resources */,
			);
			buildRules = (
			);
			dependencies = (
				C998E92B28CD70B6008253A7 /* PBXTargetDependency */,
			);
			name = ScrumdingerTests;
			productName = ScrumdingerTests;
			productReference = C998E92928CD70B6008253A7 /* ScrumdingerTests.xctest */;
			productType = "com.apple.product-type.bundle.unit-test";
		};
		C998E93228CD70B6008253A7 /* ScrumdingerUITests */ = {
			isa = PBXNativeTarget;
			buildConfigurationList = C998E94328CD70B6008253A7 /* Build configuration list for PBXNativeTarget "ScrumdingerUITests" */;
			buildPhases = (
				C998E92F28CD70B6008253A7 /* Sources */,
				C998E93028CD70B6008253A7 /* Frameworks */,
				C998E93128CD70B6008253A7 /* Resources */,
			);
			buildRules = (
			);
			dependencies = (
				C998E93528CD70B6008253A7 /* PBXTargetDependency */,
			);
			name = ScrumdingerUITests;
			productName = ScrumdingerUITests;
			productReference = C998E93328CD70B6008253A7 /* ScrumdingerUITests.xctest */;
			productType = "com.apple.product-type.bundle.ui-testing";
		};
/* End PBXNativeTarget section */

/* Begin PBXProject section */
		C998E91128CD70B4008253A7 /* Project object */ = {
			isa = PBXProject;
			attributes = {
				BuildIndependentTargetsInParallel = 1;
				LastSwiftUpdateCheck = 1400;
				LastUpgradeCheck = 1400;
				TargetAttributes = {
					C998E91828CD70B4008253A7 = {
						CreatedOnToolsVersion = 14.0;
					};
					C998E92828CD70B6008253A7 = {
						CreatedOnToolsVersion = 14.0;
						TestTargetID = C998E91828CD70B4008253A7;
					};
					C998E93228CD70B6008253A7 = {
						CreatedOnToolsVersion = 14.0;
						TestTargetID = C998E91828CD70B4008253A7;
					};
				};
			};
			buildConfigurationList = C998E91428CD70B4008253A7 /* Build configuration list for PBXProject "Scrumdinger" */;
			compatibilityVersion = "Xcode 14.0";
			developmentRegion = en;
			hasScannedForEncodings = 0;
			knownRegions = (
				en,
				Base,
			);
			mainGroup = C998E91028CD70B4008253A7;
			productRefGroup = C998E91A28CD70B4008253A7 /* Products */;
			projectDirPath = "";
			projectRoot = "";
			targets = (
				C998E91828CD70B4008253A7 /* Scrumdinger */,
				C998E92828CD70B6008253A7 /* ScrumdingerTests */,
				C998E93228CD70B6008253A7 /* ScrumdingerUITests */,
			);
		};
/* End PBXProject section */

/* Begin PBXResourcesBuildPhase section */
		C998E91728CD70B4008253A7 /* Resources */ = {
			isa = PBXResourcesBuildPhase;
			buildActionMask = 2147483647;
			files = (
				C998E92428CD70B6008253A7 /* Preview Assets.xcassets in Resources */,
				C998E92128CD70B6008253A7 /* Assets.xcassets in Resources */,
			);
			runOnlyForDeploymentPostprocessing = 0;
		};
		C998E92728CD70B6008253A7 /* Resources */ = {
			isa = PBXResourcesBuildPhase;
			buildActionMask = 2147483647;
			files = (
			);
			runOnlyForDeploymentPostprocessing = 0;
		};
		C998E93128CD70B6008253A7 /* Resources */ = {
			isa = PBXResourcesBuildPhase;
			buildActionMask = 2147483647;
			files = (
			);
			runOnlyForDeploymentPostprocessing = 0;
		};
/* End PBXResourcesBuildPhase section */

/* Begin PBXSourcesBuildPhase section */
		C998E91528CD70B4008253A7 /* Sources */ = {
			isa = PBXSourcesBuildPhase;
			buildActionMask = 2147483647;
			files = (
				C998E94A28CD7B62008253A7 /* DailyScrum.swift in Sources */,
				C998E94E28CD7EFF008253A7 /* TrailingIconLabelStyle.swift in Sources */,
				C998E94828CD7A67008253A7 /* Theme.swift in Sources */,
				C998E95028CD8378008253A7 /* ScrumsView.swift in Sources */,
				C998E91F28CD70B4008253A7 /* MeetingView.swift in Sources */,
				C998E91D28CD70B4008253A7 /* ScrumdingerApp.swift in Sources */,
				C998E94C28CD7D1A008253A7 /* CardView.swift in Sources */,
			);
			runOnlyForDeploymentPostprocessing = 0;
		};
		C998E92528CD70B6008253A7 /* Sources */ = {
			isa = PBXSourcesBuildPhase;
			buildActionMask = 2147483647;
			files = (
				C998E92E28CD70B6008253A7 /* ScrumdingerTests.swift in Sources */,
			);
			runOnlyForDeploymentPostprocessing = 0;
		};
		C998E92F28CD70B6008253A7 /* Sources */ = {
			isa = PBXSourcesBuildPhase;
			buildActionMask = 2147483647;
			files = (
				C998E93A28CD70B6008253A7 /* ScrumdingerUITestsLaunchTests.swift in Sources */,
				C998E93828CD70B6008253A7 /* ScrumdingerUITests.swift in Sources */,
			);
			runOnlyForDeploymentPostprocessing = 0;
		};
/* End PBXSourcesBuildPhase section */

/* Begin PBXTargetDependency section */
		C998E92B28CD70B6008253A7 /* PBXTargetDependency */ = {
			isa = PBXTargetDependency;
			target = C998E91828CD70B4008253A7 /* Scrumdinger */;
			targetProxy = C998E92A28CD70B6008253A7 /* PBXContainerItemProxy */;
		};
		C998E93528CD70B6008253A7 /* PBXTargetDependency */ = {
			isa = PBXTargetDependency;
			target = C998E91828CD70B4008253A7 /* Scrumdinger */;
			targetProxy = C998E93428CD70B6008253A7 /* PBXContainerItemProxy */;
		};
/* End PBXTargetDependency section */

/* Begin XCBuildConfiguration section */
		C998E93B28CD70B6008253A7 /* Debug */ = {
			isa = XCBuildConfiguration;
			buildSettings = {
				ALWAYS_SEARCH_USER_PATHS = NO;
				CLANG_ANALYZER_NONNULL = YES;
				CLANG_ANALYZER_NUMBER_OBJECT_CONVERSION = YES_AGGRESSIVE;
				CLANG_CXX_LANGUAGE_STANDARD = "gnu++20";
				CLANG_ENABLE_MODULES = YES;
				CLANG_ENABLE_OBJC_ARC = YES;
				CLANG_ENABLE_OBJC_WEAK = YES;
				CLANG_WARN_BLOCK_CAPTURE_AUTORELEASING = YES;
				CLANG_WARN_BOOL_CONVERSION = YES;
				CLANG_WARN_COMMA = YES;
				CLANG_WARN_CONSTANT_CONVERSION = YES;
				CLANG_WARN_DEPRECATED_OBJC_IMPLEMENTATIONS = YES;
				CLANG_WARN_DIRECT_OBJC_ISA_USAGE = YES_ERROR;
				CLANG_WARN_DOCUMENTATION_COMMENTS = YES;
				CLANG_WARN_EMPTY_BODY = YES;
				CLANG_WARN_ENUM_CONVERSION = YES;
				CLANG_WARN_INFINITE_RECURSION = YES;
				CLANG_WARN_INT_CONVERSION = YES;
				CLANG_WARN_NON_LITERAL_NULL_CONVERSION = YES;
				CLANG_WARN_OBJC_IMPLICIT_RETAIN_SELF = YES;
				CLANG_WARN_OBJC_LITERAL_CONVERSION = YES;
				CLANG_WARN_OBJC_ROOT_CLASS = YES_ERROR;
				CLANG_WARN_QUOTED_INCLUDE_IN_FRAMEWORK_HEADER = YES;
				CLANG_WARN_RANGE_LOOP_ANALYSIS = YES;
				CLANG_WARN_STRICT_PROTOTYPES = YES;
				CLANG_WARN_SUSPICIOUS_MOVE = YES;
				CLANG_WARN_UNGUARDED_AVAILABILITY = YES_AGGRESSIVE;
				CLANG_WARN_UNREACHABLE_CODE = YES;
				CLANG_WARN__DUPLICATE_METHOD_MATCH = YES;
				COPY_PHASE_STRIP = NO;
				DEBUG_INFORMATION_FORMAT = dwarf;
				ENABLE_STRICT_OBJC_MSGSEND = YES;
				ENABLE_TESTABILITY = YES;
				GCC_C_LANGUAGE_STANDARD = gnu11;
				GCC_DYNAMIC_NO_PIC = NO;
				GCC_NO_COMMON_BLOCKS = YES;
				GCC_OPTIMIZATION_LEVEL = 0;
				GCC_PREPROCESSOR_DEFINITIONS = (
					"DEBUG=1",
					"$(inherited)",
				);
				GCC_WARN_64_TO_32_BIT_CONVERSION = YES;
				GCC_WARN_ABOUT_RETURN_TYPE = YES_ERROR;
				GCC_WARN_UNDECLARED_SELECTOR = YES;
				GCC_WARN_UNINITIALIZED_AUTOS = YES_AGGRESSIVE;
				GCC_WARN_UNUSED_FUNCTION = YES;
				GCC_WARN_UNUSED_VARIABLE = YES;
				IPHONEOS_DEPLOYMENT_TARGET = 16.0;
				MTL_ENABLE_DEBUG_INFO = INCLUDE_SOURCE;
				MTL_FAST_MATH = YES;
				ONLY_ACTIVE_ARCH = YES;
				SDKROOT = iphoneos;
				SWIFT_ACTIVE_COMPILATION_CONDITIONS = DEBUG;
				SWIFT_OPTIMIZATION_LEVEL = "-Onone";
			};
			name = Debug;
		};
		C998E93C28CD70B6008253A7 /* Release */ = {
			isa = XCBuildConfiguration;
			buildSettings = {
				ALWAYS_SEARCH_USER_PATHS = NO;
				CLANG_ANALYZER_NONNULL = YES;
				CLANG_ANALYZER_NUMBER_OBJECT_CONVERSION = YES_AGGRESSIVE;
				CLANG_CXX_LANGUAGE_STANDARD = "gnu++20";
				CLANG_ENABLE_MODULES = YES;
				CLANG_ENABLE_OBJC_ARC = YES;
				CLANG_ENABLE_OBJC_WEAK = YES;
				CLANG_WARN_BLOCK_CAPTURE_AUTORELEASING = YES;
				CLANG_WARN_BOOL_CONVERSION = YES;
				CLANG_WARN_COMMA = YES;
				CLANG_WARN_CONSTANT_CONVERSION = YES;
				CLANG_WARN_DEPRECATED_OBJC_IMPLEMENTATIONS = YES;
				CLANG_WARN_DIRECT_OBJC_ISA_USAGE = YES_ERROR;
				CLANG_WARN_DOCUMENTATION_COMMENTS = YES;
				CLANG_WARN_EMPTY_BODY = YES;
				CLANG_WARN_ENUM_CONVERSION = YES;
				CLANG_WARN_INFINITE_RECURSION = YES;
				CLANG_WARN_INT_CONVERSION = YES;
				CLANG_WARN_NON_LITERAL_NULL_CONVERSION = YES;
				CLANG_WARN_OBJC_IMPLICIT_RETAIN_SELF = YES;
				CLANG_WARN_OBJC_LITERAL_CONVERSION = YES;
				CLANG_WARN_OBJC_ROOT_CLASS = YES_ERROR;
				CLANG_WARN_QUOTED_INCLUDE_IN_FRAMEWORK_HEADER = YES;
				CLANG_WARN_RANGE_LOOP_ANALYSIS = YES;
				CLANG_WARN_STRICT_PROTOTYPES = YES;
				CLANG_WARN_SUSPICIOUS_MOVE = YES;
				CLANG_WARN_UNGUARDED_AVAILABILITY = YES_AGGRESSIVE;
				CLANG_WARN_UNREACHABLE_CODE = YES;
				CLANG_WARN__DUPLICATE_METHOD_MATCH = YES;
				COPY_PHASE_STRIP = NO;
				DEBUG_INFORMATION_FORMAT = "dwarf-with-dsym";
				ENABLE_NS_ASSERTIONS = NO;
				ENABLE_STRICT_OBJC_MSGSEND = YES;
				GCC_C_LANGUAGE_STANDARD = gnu11;
				GCC_NO_COMMON_BLOCKS = YES;
				GCC_WARN_64_TO_32_BIT_CONVERSION = YES;
				GCC_WARN_ABOUT_RETURN_TYPE = YES_ERROR;
				GCC_WARN_UNDECLARED_SELECTOR = YES;
				GCC_WARN_UNINITIALIZED_AUTOS = YES_AGGRESSIVE;
				GCC_WARN_UNUSED_FUNCTION = YES;
				GCC_WARN_UNUSED_VARIABLE = YES;
				IPHONEOS_DEPLOYMENT_TARGET = 16.0;
				MTL_ENABLE_DEBUG_INFO = NO;
				MTL_FAST_MATH = YES;
				SDKROOT = iphoneos;
				SWIFT_COMPILATION_MODE = wholemodule;
				SWIFT_OPTIMIZATION_LEVEL = "-O";
				VALIDATE_PRODUCT = YES;
			};
			name = Release;
		};
		C998E93E28CD70B6008253A7 /* Debug */ = {
			isa = XCBuildConfiguration;
			buildSettings = {
				ASSETCATALOG_COMPILER_APPICON_NAME = AppIcon;
				ASSETCATALOG_COMPILER_GLOBAL_ACCENT_COLOR_NAME = AccentColor;
				CODE_SIGN_STYLE = Automatic;
				CURRENT_PROJECT_VERSION = 1;
				DEVELOPMENT_ASSET_PATHS = "\"Scrumdinger/Preview Content\"";
				ENABLE_PREVIEWS = YES;
				GENERATE_INFOPLIST_FILE = YES;
				INFOPLIST_KEY_UIApplicationSceneManifest_Generation = YES;
				INFOPLIST_KEY_UIApplicationSupportsIndirectInputEvents = YES;
				INFOPLIST_KEY_UILaunchScreen_Generation = YES;
				INFOPLIST_KEY_UISupportedInterfaceOrientations_iPad = "UIInterfaceOrientationPortrait UIInterfaceOrientationPortraitUpsideDown UIInterfaceOrientationLandscapeLeft UIInterfaceOrientationLandscapeRight";
				INFOPLIST_KEY_UISupportedInterfaceOrientations_iPhone = "UIInterfaceOrientationPortrait UIInterfaceOrientationLandscapeLeft UIInterfaceOrientationLandscapeRight";
				LD_RUNPATH_SEARCH_PATHS = (
					"$(inherited)",
					"@executable_path/Frameworks",
				);
				MARKETING_VERSION = 1.0;
				PRODUCT_BUNDLE_IDENTIFIER = com.pragatha.servicesideui.Scrumdinger;
				PRODUCT_NAME = "$(TARGET_NAME)";
				SWIFT_EMIT_LOC_STRINGS = YES;
				SWIFT_VERSION = 5.0;
				TARGETED_DEVICE_FAMILY = "1,2";
			};
			name = Debug;
		};
		C998E93F28CD70B6008253A7 /* Release */ = {
			isa = XCBuildConfiguration;
			buildSettings = {
				ASSETCATALOG_COMPILER_APPICON_NAME = AppIcon;
				ASSETCATALOG_COMPILER_GLOBAL_ACCENT_COLOR_NAME = AccentColor;
				CODE_SIGN_STYLE = Automatic;
				CURRENT_PROJECT_VERSION = 1;
				DEVELOPMENT_ASSET_PATHS = "\"Scrumdinger/Preview Content\"";
				ENABLE_PREVIEWS = YES;
				GENERATE_INFOPLIST_FILE = YES;
				INFOPLIST_KEY_UIApplicationSceneManifest_Generation = YES;
				INFOPLIST_KEY_UIApplicationSupportsIndirectInputEvents = YES;
				INFOPLIST_KEY_UILaunchScreen_Generation = YES;
				INFOPLIST_KEY_UISupportedInterfaceOrientations_iPad = "UIInterfaceOrientationPortrait UIInterfaceOrientationPortraitUpsideDown UIInterfaceOrientationLandscapeLeft UIInterfaceOrientationLandscapeRight";
				INFOPLIST_KEY_UISupportedInterfaceOrientations_iPhone = "UIInterfaceOrientationPortrait UIInterfaceOrientationLandscapeLeft UIInterfaceOrientationLandscapeRight";
				LD_RUNPATH_SEARCH_PATHS = (
					"$(inherited)",
					"@executable_path/Frameworks",
				);
				MARKETING_VERSION = 1.0;
				PRODUCT_BUNDLE_IDENTIFIER = com.pragatha.servicesideui.Scrumdinger;
				PRODUCT_NAME = "$(TARGET_NAME)";
				SWIFT_EMIT_LOC_STRINGS = YES;
				SWIFT_VERSION = 5.0;
				TARGETED_DEVICE_FAMILY = "1,2";
			};
			name = Release;
		};
		C998E94128CD70B6008253A7 /* Debug */ = {
			isa = XCBuildConfiguration;
			buildSettings = {
				ALWAYS_EMBED_SWIFT_STANDARD_LIBRARIES = YES;
				BUNDLE_LOADER = "$(TEST_HOST)";
				CODE_SIGN_STYLE = Automatic;
				CURRENT_PROJECT_VERSION = 1;
				GENERATE_INFOPLIST_FILE = YES;
				IPHONEOS_DEPLOYMENT_TARGET = 16.0;
				MARKETING_VERSION = 1.0;
				PRODUCT_BUNDLE_IDENTIFIER = com.pragatha.servicesideui.ScrumdingerTests;
				PRODUCT_NAME = "$(TARGET_NAME)";
				SWIFT_EMIT_LOC_STRINGS = NO;
				SWIFT_VERSION = 5.0;
				TARGETED_DEVICE_FAMILY = "1,2";
				TEST_HOST = "$(BUILT_PRODUCTS_DIR)/Scrumdinger.app/$(BUNDLE_EXECUTABLE_FOLDER_PATH)/Scrumdinger";
			};
			name = Debug;
		};
		C998E94228CD70B6008253A7 /* Release */ = {
			isa = XCBuildConfiguration;
			buildSettings = {
				ALWAYS_EMBED_SWIFT_STANDARD_LIBRARIES = YES;
				BUNDLE_LOADER = "$(TEST_HOST)";
				CODE_SIGN_STYLE = Automatic;
				CURRENT_PROJECT_VERSION = 1;
				GENERATE_INFOPLIST_FILE = YES;
				IPHONEOS_DEPLOYMENT_TARGET = 16.0;
				MARKETING_VERSION = 1.0;
				PRODUCT_BUNDLE_IDENTIFIER = com.pragatha.servicesideui.ScrumdingerTests;
				PRODUCT_NAME = "$(TARGET_NAME)";
				SWIFT_EMIT_LOC_STRINGS = NO;
				SWIFT_VERSION = 5.0;
				TARGETED_DEVICE_FAMILY = "1,2";
				TEST_HOST = "$(BUILT_PRODUCTS_DIR)/Scrumdinger.app/$(BUNDLE_EXECUTABLE_FOLDER_PATH)/Scrumdinger";
			};
			name = Release;
		};
		C998E94428CD70B6008253A7 /* Debug */ = {
			isa = XCBuildConfiguration;
			buildSettings = {
				ALWAYS_EMBED_SWIFT_STANDARD_LIBRARIES = YES;
				CODE_SIGN_STYLE = Automatic;
				CURRENT_PROJECT_VERSION = 1;
				GENERATE_INFOPLIST_FILE = YES;
				MARKETING_VERSION = 1.0;
				PRODUCT_BUNDLE_IDENTIFIER = com.pragatha.servicesideui.ScrumdingerUITests;
				PRODUCT_NAME = "$(TARGET_NAME)";
				SWIFT_EMIT_LOC_STRINGS = NO;
				SWIFT_VERSION = 5.0;
				TARGETED_DEVICE_FAMILY = "1,2";
				TEST_TARGET_NAME = Scrumdinger;
			};
			name = Debug;
		};
		C998E94528CD70B6008253A7 /* Release */ = {
			isa = XCBuildConfiguration;
			buildSettings = {
				ALWAYS_EMBED_SWIFT_STANDARD_LIBRARIES = YES;
				CODE_SIGN_STYLE = Automatic;
				CURRENT_PROJECT_VERSION = 1;
				GENERATE_INFOPLIST_FILE = YES;
				MARKETING_VERSION = 1.0;
				PRODUCT_BUNDLE_IDENTIFIER = com.pragatha.servicesideui.ScrumdingerUITests;
				PRODUCT_NAME = "$(TARGET_NAME)";
				SWIFT_EMIT_LOC_STRINGS = NO;
				SWIFT_VERSION = 5.0;
				TARGETED_DEVICE_FAMILY = "1,2";
				TEST_TARGET_NAME = Scrumdinger;
			};
			name = Release;
		};
/* End XCBuildConfiguration section */

/* Begin XCConfigurationList section */
		C998E91428CD70B4008253A7 /* Build configuration list for PBXProject "Scrumdinger" */ = {
			isa = XCConfigurationList;
			buildConfigurations = (
				C998E93B28CD70B6008253A7 /* Debug */,
				C998E93C28CD70B6008253A7 /* Release */,
			);
			defaultConfigurationIsVisible = 0;
			defaultConfigurationName = Release;
		};
		C998E93D28CD70B6008253A7 /* Build configuration list for PBXNativeTarget "Scrumdinger" */ = {
			isa = XCConfigurationList;
			buildConfigurations = (
				C998E93E28CD70B6008253A7 /* Debug */,
				C998E93F28CD70B6008253A7 /* Release */,
			);
			defaultConfigurationIsVisible = 0;
			defaultConfigurationName = Release;
		};
		C998E94028CD70B6008253A7 /* Build configuration list for PBXNativeTarget "ScrumdingerTests" */ = {
			isa = XCConfigurationList;
			buildConfigurations = (
				C998E94128CD70B6008253A7 /* Debug */,
				C998E94228CD70B6008253A7 /* Release */,
			);
			defaultConfigurationIsVisible = 0;
			defaultConfigurationName = Release;
		};
		C998E94328CD70B6008253A7 /* Build configuration list for PBXNativeTarget "ScrumdingerUITests" */ = {
			isa = XCConfigurationList;
			buildConfigurations = (
				C998E94428CD70B6008253A7 /* Debug */,
				C998E94528CD70B6008253A7 /* Release */,
			);
			defaultConfigurationIsVisible = 0;
			defaultConfigurationName = Release;
		};
/* End XCConfigurationList section */
	};
	rootObject = C998E91128CD70B4008253A7 /* Project object */;
}
